// !$*UTF8*$!
{
	archiveVersion = 1;
	classes = {
	};
	objectVersion = 55;
	objects = {

/* Begin PBXBuildFile section */
		853BB5E42827C4F90076267A /* AppDelegate.swift in Sources */ = {isa = PBXBuildFile; fileRef = 853BB5E32827C4F90076267A /* AppDelegate.swift */; };
		853BB5E62827C4F90076267A /* SceneDelegate.swift in Sources */ = {isa = PBXBuildFile; fileRef = 853BB5E52827C4F90076267A /* SceneDelegate.swift */; };
		853BB5E82827C4F90076267A /* ViewController.swift in Sources */ = {isa = PBXBuildFile; fileRef = 853BB5E72827C4F90076267A /* ViewController.swift */; };
		853BB5EB2827C4F90076267A /* Main.storyboard in Resources */ = {isa = PBXBuildFile; fileRef = 853BB5E92827C4F90076267A /* Main.storyboard */; };
		853BB5ED2827C4FC0076267A /* Assets.xcassets in Resources */ = {isa = PBXBuildFile; fileRef = 853BB5EC2827C4FC0076267A /* Assets.xcassets */; };
		853BB5F02827C4FC0076267A /* LaunchScreen.storyboard in Resources */ = {isa = PBXBuildFile; fileRef = 853BB5EE2827C4FC0076267A /* LaunchScreen.storyboard */; };
		853BB5FB2827C4FC0076267A /* BookingSystemTests.swift in Sources */ = {isa = PBXBuildFile; fileRef = 853BB5FA2827C4FC0076267A /* BookingSystemTests.swift */; };
		853BB6052827C4FC0076267A /* BookingSystemUITests.swift in Sources */ = {isa = PBXBuildFile; fileRef = 853BB6042827C4FC0076267A /* BookingSystemUITests.swift */; };
		853BB6072827C4FC0076267A /* BookingSystemUITestsLaunchTests.swift in Sources */ = {isa = PBXBuildFile; fileRef = 853BB6062827C4FC0076267A /* BookingSystemUITestsLaunchTests.swift */; };
/* End PBXBuildFile section */

/* Begin PBXContainerItemProxy section */
		853BB5F72827C4FC0076267A /* PBXContainerItemProxy */ = {
			isa = PBXContainerItemProxy;
			containerPortal = 853BB5D82827C4F90076267A /* Project object */;
			proxyType = 1;
			remoteGlobalIDString = 853BB5DF2827C4F90076267A;
			remoteInfo = BookingSystem;
		};
		853BB6012827C4FC0076267A /* PBXContainerItemProxy */ = {
			isa = PBXContainerItemProxy;
			containerPortal = 853BB5D82827C4F90076267A /* Project object */;
			proxyType = 1;
			remoteGlobalIDString = 853BB5DF2827C4F90076267A;
			remoteInfo = BookingSystem;
		};
/* End PBXContainerItemProxy section */

/* Begin PBXFileReference section */
		853BB5E02827C4F90076267A /* BookingSystem.app */ = {isa = PBXFileReference; explicitFileType = wrapper.application; includeInIndex = 0; path = BookingSystem.app; sourceTree = BUILT_PRODUCTS_DIR; };
		853BB5E32827C4F90076267A /* AppDelegate.swift */ = {isa = PBXFileReference; lastKnownFileType = sourcecode.swift; path = AppDelegate.swift; sourceTree = "<group>"; };
		853BB5E52827C4F90076267A /* SceneDelegate.swift */ = {isa = PBXFileReference; lastKnownFileType = sourcecode.swift; path = SceneDelegate.swift; sourceTree = "<group>"; };
		853BB5E72827C4F90076267A /* ViewController.swift */ = {isa = PBXFileReference; lastKnownFileType = sourcecode.swift; path = ViewController.swift; sourceTree = "<group>"; };
		853BB5EA2827C4F90076267A /* Base */ = {isa = PBXFileReference; lastKnownFileType = file.storyboard; name = Base; path = Base.lproj/Main.storyboard; sourceTree = "<group>"; };
		853BB5EC2827C4FC0076267A /* Assets.xcassets */ = {isa = PBXFileReference; lastKnownFileType = folder.assetcatalog; path = Assets.xcassets; sourceTree = "<group>"; };
		853BB5EF2827C4FC0076267A /* Base */ = {isa = PBXFileReference; lastKnownFileType = file.storyboard; name = Base; path = Base.lproj/LaunchScreen.storyboard; sourceTree = "<group>"; };
		853BB5F12827C4FC0076267A /* Info.plist */ = {isa = PBXFileReference; lastKnownFileType = text.plist.xml; path = Info.plist; sourceTree = "<group>"; };
		853BB5F62827C4FC0076267A /* BookingSystemTests.xctest */ = {isa = PBXFileReference; explicitFileType = wrapper.cfbundle; includeInIndex = 0; path = BookingSystemTests.xctest; sourceTree = BUILT_PRODUCTS_DIR; };
		853BB5FA2827C4FC0076267A /* BookingSystemTests.swift */ = {isa = PBXFileReference; lastKnownFileType = sourcecode.swift; path = BookingSystemTests.swift; sourceTree = "<group>"; };
		853BB6002827C4FC0076267A /* BookingSystemUITests.xctest */ = {isa = PBXFileReference; explicitFileType = wrapper.cfbundle; includeInIndex = 0; path = BookingSystemUITests.xctest; sourceTree = BUILT_PRODUCTS_DIR; };
		853BB6042827C4FC0076267A /* BookingSystemUITests.swift */ = {isa = PBXFileReference; lastKnownFileType = sourcecode.swift; path = BookingSystemUITests.swift; sourceTree = "<group>"; };
		853BB6062827C4FC0076267A /* BookingSystemUITestsLaunchTests.swift */ = {isa = PBXFileReference; lastKnownFileType = sourcecode.swift; path = BookingSystemUITestsLaunchTests.swift; sourceTree = "<group>"; };
/* End PBXFileReference section */

/* Begin PBXFrameworksBuildPhase section */
		853BB5DD2827C4F90076267A /* Frameworks */ = {
			isa = PBXFrameworksBuildPhase;
			buildActionMask = 2147483647;
			files = (
			);
			runOnlyForDeploymentPostprocessing = 0;
		};
		853BB5F32827C4FC0076267A /* Frameworks */ = {
			isa = PBXFrameworksBuildPhase;
			buildActionMask = 2147483647;
			files = (
			);
			runOnlyForDeploymentPostprocessing = 0;
		};
		853BB5FD2827C4FC0076267A /* Frameworks */ = {
			isa = PBXFrameworksBuildPhase;
			buildActionMask = 2147483647;
			files = (
			);
			runOnlyForDeploymentPostprocessing = 0;
		};
/* End PBXFrameworksBuildPhase section */

/* Begin PBXGroup section */
		853BB5D72827C4F90076267A = {
			isa = PBXGroup;
			children = (
				853BB5E22827C4F90076267A /* BookingSystem */,
				853BB5F92827C4FC0076267A /* BookingSystemTests */,
				853BB6032827C4FC0076267A /* BookingSystemUITests */,
				853BB5E12827C4F90076267A /* Products */,
			);
			sourceTree = "<group>";
		};
		853BB5E12827C4F90076267A /* Products */ = {
			isa = PBXGroup;
			children = (
				853BB5E02827C4F90076267A /* BookingSystem.app */,
				853BB5F62827C4FC0076267A /* BookingSystemTests.xctest */,
				853BB6002827C4FC0076267A /* BookingSystemUITests.xctest */,
			);
			name = Products;
			sourceTree = "<group>";
		};
		853BB5E22827C4F90076267A /* BookingSystem */ = {
			isa = PBXGroup;
			children = (
				853BB5E32827C4F90076267A /* AppDelegate.swift */,
				853BB5E52827C4F90076267A /* SceneDelegate.swift */,
				853BB5E72827C4F90076267A /* ViewController.swift */,
				853BB5E92827C4F90076267A /* Main.storyboard */,
				853BB5EC2827C4FC0076267A /* Assets.xcassets */,
				853BB5EE2827C4FC0076267A /* LaunchScreen.storyboard */,
				853BB5F12827C4FC0076267A /* Info.plist */,
			);
			path = BookingSystem;
			sourceTree = "<group>";
		};
		853BB5F92827C4FC0076267A /* BookingSystemTests */ = {
			isa = PBXGroup;
			children = (
				853BB5FA2827C4FC0076267A /* BookingSystemTests.swift */,
			);
			path = BookingSystemTests;
			sourceTree = "<group>";
		};
		853BB6032827C4FC0076267A /* BookingSystemUITests */ = {
			isa = PBXGroup;
			children = (
				853BB6042827C4FC0076267A /* BookingSystemUITests.swift */,
				853BB6062827C4FC0076267A /* BookingSystemUITestsLaunchTests.swift */,
			);
			path = BookingSystemUITests;
			sourceTree = "<group>";
		};
/* End PBXGroup section */

/* Begin PBXNativeTarget section */
		853BB5DF2827C4F90076267A /* BookingSystem */ = {
			isa = PBXNativeTarget;
			buildConfigurationList = 853BB60A2827C4FC0076267A /* Build configuration list for PBXNativeTarget "BookingSystem" */;
			buildPhases = (
				853BB5DC2827C4F90076267A /* Sources */,
				853BB5DD2827C4F90076267A /* Frameworks */,
				853BB5DE2827C4F90076267A /* Resources */,
			);
			buildRules = (
			);
			dependencies = (
			);
			name = BookingSystem;
			productName = BookingSystem;
			productReference = 853BB5E02827C4F90076267A /* BookingSystem.app */;
			productType = "com.apple.product-type.application";
		};
		853BB5F52827C4FC0076267A /* BookingSystemTests */ = {
			isa = PBXNativeTarget;
			buildConfigurationList = 853BB60D2827C4FC0076267A /* Build configuration list for PBXNativeTarget "BookingSystemTests" */;
			buildPhases = (
				853BB5F22827C4FC0076267A /* Sources */,
				853BB5F32827C4FC0076267A /* Frameworks */,
				853BB5F42827C4FC0076267A /* Resources */,
			);
			buildRules = (
			);
			dependencies = (
				853BB5F82827C4FC0076267A /* PBXTargetDependency */,
			);
			name = BookingSystemTests;
			productName = BookingSystemTests;
			productReference = 853BB5F62827C4FC0076267A /* BookingSystemTests.xctest */;
			productType = "com.apple.product-type.bundle.unit-test";
		};
		853BB5FF2827C4FC0076267A /* BookingSystemUITests */ = {
			isa = PBXNativeTarget;
			buildConfigurationList = 853BB6102827C4FC0076267A /* Build configuration list for PBXNativeTarget "BookingSystemUITests" */;
			buildPhases = (
				853BB5FC2827C4FC0076267A /* Sources */,
				853BB5FD2827C4FC0076267A /* Frameworks */,
				853BB5FE2827C4FC0076267A /* Resources */,
			);
			buildRules = (
			);
			dependencies = (
				853BB6022827C4FC0076267A /* PBXTargetDependency */,
			);
			name = BookingSystemUITests;
			productName = BookingSystemUITests;
			productReference = 853BB6002827C4FC0076267A /* BookingSystemUITests.xctest */;
			productType = "com.apple.product-type.bundle.ui-testing";
		};
/* End PBXNativeTarget section */

/* Begin PBXProject section */
		853BB5D82827C4F90076267A /* Project object */ = {
			isa = PBXProject;
			attributes = {
				BuildIndependentTargetsInParallel = 1;
				LastSwiftUpdateCheck = 1320;
				LastUpgradeCheck = 1320;
				TargetAttributes = {
					853BB5DF2827C4F90076267A = {
						CreatedOnToolsVersion = 13.2.1;
					};
					853BB5F52827C4FC0076267A = {
						CreatedOnToolsVersion = 13.2.1;
						TestTargetID = 853BB5DF2827C4F90076267A;
					};
					853BB5FF2827C4FC0076267A = {
						CreatedOnToolsVersion = 13.2.1;
						TestTargetID = 853BB5DF2827C4F90076267A;
					};
				};
			};
			buildConfigurationList = 853BB5DB2827C4F90076267A /* Build configuration list for PBXProject "BookingSystem" */;
			compatibilityVersion = "Xcode 13.0";
			developmentRegion = en;
			hasScannedForEncodings = 0;
			knownRegions = (
				en,
				Base,
			);
			mainGroup = 853BB5D72827C4F90076267A;
			productRefGroup = 853BB5E12827C4F90076267A /* Products */;
			projectDirPath = "";
			projectRoot = "";
			targets = (
				853BB5DF2827C4F90076267A /* BookingSystem */,
				853BB5F52827C4FC0076267A /* BookingSystemTests */,
				853BB5FF2827C4FC0076267A /* BookingSystemUITests */,
			);
		};
/* End PBXProject section */

/* Begin PBXResourcesBuildPhase section */
		853BB5DE2827C4F90076267A /* Resources */ = {
			isa = PBXResourcesBuildPhase;
			buildActionMask = 2147483647;
			files = (
				853BB5F02827C4FC0076267A /* LaunchScreen.storyboard in Resources */,
				853BB5ED2827C4FC0076267A /* Assets.xcassets in Resources */,
				853BB5EB2827C4F90076267A /* Main.storyboard in Resources */,
			);
			runOnlyForDeploymentPostprocessing = 0;
		};
		853BB5F42827C4FC0076267A /* Resources */ = {
			isa = PBXResourcesBuildPhase;
			buildActionMask = 2147483647;
			files = (
			);
			runOnlyForDeploymentPostprocessing = 0;
		};
		853BB5FE2827C4FC0076267A /* Resources */ = {
			isa = PBXResourcesBuildPhase;
			buildActionMask = 2147483647;
			files = (
			);
			runOnlyForDeploymentPostprocessing = 0;
		};
/* End PBXResourcesBuildPhase section */

/* Begin PBXSourcesBuildPhase section */
		853BB5DC2827C4F90076267A /* Sources */ = {
			isa = PBXSourcesBuildPhase;
			buildActionMask = 2147483647;
			files = (
				853BB5E82827C4F90076267A /* ViewController.swift in Sources */,
				853BB5E42827C4F90076267A /* AppDelegate.swift in Sources */,
				853BB5E62827C4F90076267A /* SceneDelegate.swift in Sources */,
			);
			runOnlyForDeploymentPostprocessing = 0;
		};
		853BB5F22827C4FC0076267A /* Sources */ = {
			isa = PBXSourcesBuildPhase;
			buildActionMask = 2147483647;
			files = (
				853BB5FB2827C4FC0076267A /* BookingSystemTests.swift in Sources */,
			);
			runOnlyForDeploymentPostprocessing = 0;
		};
		853BB5FC2827C4FC0076267A /* Sources */ = {
			isa = PBXSourcesBuildPhase;
			buildActionMask = 2147483647;
			files = (
				853BB6052827C4FC0076267A /* BookingSystemUITests.swift in Sources */,
				853BB6072827C4FC0076267A /* BookingSystemUITestsLaunchTests.swift in Sources */,
			);
			runOnlyForDeploymentPostprocessing = 0;
		};
/* End PBXSourcesBuildPhase section */

/* Begin PBXTargetDependency section */
		853BB5F82827C4FC0076267A /* PBXTargetDependency */ = {
			isa = PBXTargetDependency;
			target = 853BB5DF2827C4F90076267A /* BookingSystem */;
			targetProxy = 853BB5F72827C4FC0076267A /* PBXContainerItemProxy */;
		};
		853BB6022827C4FC0076267A /* PBXTargetDependency */ = {
			isa = PBXTargetDependency;
			target = 853BB5DF2827C4F90076267A /* BookingSystem */;
			targetProxy = 853BB6012827C4FC0076267A /* PBXContainerItemProxy */;
		};
/* End PBXTargetDependency section */

/* Begin PBXVariantGroup section */
		853BB5E92827C4F90076267A /* Main.storyboard */ = {
			isa = PBXVariantGroup;
			children = (
				853BB5EA2827C4F90076267A /* Base */,
			);
			name = Main.storyboard;
			sourceTree = "<group>";
		};
		853BB5EE2827C4FC0076267A /* LaunchScreen.storyboard */ = {
			isa = PBXVariantGroup;
			children = (
				853BB5EF2827C4FC0076267A /* Base */,
			);
			name = LaunchScreen.storyboard;
			sourceTree = "<group>";
		};
/* End PBXVariantGroup section */

/* Begin XCBuildConfiguration section */
		853BB6082827C4FC0076267A /* Debug */ = {
			isa = XCBuildConfiguration;
			buildSettings = {
				ALWAYS_SEARCH_USER_PATHS = NO;
				CLANG_ANALYZER_NONNULL = YES;
				CLANG_ANALYZER_NUMBER_OBJECT_CONVERSION = YES_AGGRESSIVE;
				CLANG_CXX_LANGUAGE_STANDARD = "gnu++17";
				CLANG_CXX_LIBRARY = "libc++";
				CLANG_ENABLE_MODULES = YES;
				CLANG_ENABLE_OBJC_ARC = YES;
				CLANG_ENABLE_OBJC_WEAK = YES;
				CLANG_WARN_BLOCK_CAPTURE_AUTORELEASING = YES;
				CLANG_WARN_BOOL_CONVERSION = YES;
				CLANG_WARN_COMMA = YES;
				CLANG_WARN_CONSTANT_CONVERSION = YES;
				CLANG_WARN_DEPRECATED_OBJC_IMPLEMENTATIONS = YES;
				CLANG_WARN_DIRECT_OBJC_ISA_USAGE = YES_ERROR;
				CLANG_WARN_DOCUMENTATION_COMMENTS = YES;
				CLANG_WARN_EMPTY_BODY = YES;
				CLANG_WARN_ENUM_CONVERSION = YES;
				CLANG_WARN_INFINITE_RECURSION = YES;
				CLANG_WARN_INT_CONVERSION = YES;
				CLANG_WARN_NON_LITERAL_NULL_CONVERSION = YES;
				CLANG_WARN_OBJC_IMPLICIT_RETAIN_SELF = YES;
				CLANG_WARN_OBJC_LITERAL_CONVERSION = YES;
				CLANG_WARN_OBJC_ROOT_CLASS = YES_ERROR;
				CLANG_WARN_QUOTED_INCLUDE_IN_FRAMEWORK_HEADER = YES;
				CLANG_WARN_RANGE_LOOP_ANALYSIS = YES;
				CLANG_WARN_STRICT_PROTOTYPES = YES;
				CLANG_WARN_SUSPICIOUS_MOVE = YES;
				CLANG_WARN_UNGUARDED_AVAILABILITY = YES_AGGRESSIVE;
				CLANG_WARN_UNREACHABLE_CODE = YES;
				CLANG_WARN__DUPLICATE_METHOD_MATCH = YES;
				COPY_PHASE_STRIP = NO;
				DEBUG_INFORMATION_FORMAT = dwarf;
				ENABLE_STRICT_OBJC_MSGSEND = YES;
				ENABLE_TESTABILITY = YES;
				GCC_C_LANGUAGE_STANDARD = gnu11;
				GCC_DYNAMIC_NO_PIC = NO;
				GCC_NO_COMMON_BLOCKS = YES;
				GCC_OPTIMIZATION_LEVEL = 0;
				GCC_PREPROCESSOR_DEFINITIONS = (
					"DEBUG=1",
					"$(inherited)",
				);
				GCC_WARN_64_TO_32_BIT_CONVERSION = YES;
				GCC_WARN_ABOUT_RETURN_TYPE = YES_ERROR;
				GCC_WARN_UNDECLARED_SELECTOR = YES;
				GCC_WARN_UNINITIALIZED_AUTOS = YES_AGGRESSIVE;
				GCC_WARN_UNUSED_FUNCTION = YES;
				GCC_WARN_UNUSED_VARIABLE = YES;
				IPHONEOS_DEPLOYMENT_TARGET = 15.2;
				MTL_ENABLE_DEBUG_INFO = INCLUDE_SOURCE;
				MTL_FAST_MATH = YES;
				ONLY_ACTIVE_ARCH = YES;
				SDKROOT = iphoneos;
				SWIFT_ACTIVE_COMPILATION_CONDITIONS = DEBUG;
				SWIFT_OPTIMIZATION_LEVEL = "-Onone";
			};
			name = Debug;
		};
		853BB6092827C4FC0076267A /* Release */ = {
			isa = XCBuildConfiguration;
			buildSettings = {
				ALWAYS_SEARCH_USER_PATHS = NO;
				CLANG_ANALYZER_NONNULL = YES;
				CLANG_ANALYZER_NUMBER_OBJECT_CONVERSION = YES_AGGRESSIVE;
				CLANG_CXX_LANGUAGE_STANDARD = "gnu++17";
				CLANG_CXX_LIBRARY = "libc++";
				CLANG_ENABLE_MODULES = YES;
				CLANG_ENABLE_OBJC_ARC = YES;
				CLANG_ENABLE_OBJC_WEAK = YES;
				CLANG_WARN_BLOCK_CAPTURE_AUTORELEASING = YES;
				CLANG_WARN_BOOL_CONVERSION = YES;
				CLANG_WARN_COMMA = YES;
				CLANG_WARN_CONSTANT_CONVERSION = YES;
				CLANG_WARN_DEPRECATED_OBJC_IMPLEMENTATIONS = YES;
				CLANG_WARN_DIRECT_OBJC_ISA_USAGE = YES_ERROR;
				CLANG_WARN_DOCUMENTATION_COMMENTS = YES;
				CLANG_WARN_EMPTY_BODY = YES;
				CLANG_WARN_ENUM_CONVERSION = YES;
				CLANG_WARN_INFINITE_RECURSION = YES;
				CLANG_WARN_INT_CONVERSION = YES;
				CLANG_WARN_NON_LITERAL_NULL_CONVERSION = YES;
				CLANG_WARN_OBJC_IMPLICIT_RETAIN_SELF = YES;
				CLANG_WARN_OBJC_LITERAL_CONVERSION = YES;
				CLANG_WARN_OBJC_ROOT_CLASS = YES_ERROR;
				CLANG_WARN_QUOTED_INCLUDE_IN_FRAMEWORK_HEADER = YES;
				CLANG_WARN_RANGE_LOOP_ANALYSIS = YES;
				CLANG_WARN_STRICT_PROTOTYPES = YES;
				CLANG_WARN_SUSPICIOUS_MOVE = YES;
				CLANG_WARN_UNGUARDED_AVAILABILITY = YES_AGGRESSIVE;
				CLANG_WARN_UNREACHABLE_CODE = YES;
				CLANG_WARN__DUPLICATE_METHOD_MATCH = YES;
				COPY_PHASE_STRIP = NO;
				DEBUG_INFORMATION_FORMAT = "dwarf-with-dsym";
				ENABLE_NS_ASSERTIONS = NO;
				ENABLE_STRICT_OBJC_MSGSEND = YES;
				GCC_C_LANGUAGE_STANDARD = gnu11;
				GCC_NO_COMMON_BLOCKS = YES;
				GCC_WARN_64_TO_32_BIT_CONVERSION = YES;
				GCC_WARN_ABOUT_RETURN_TYPE = YES_ERROR;
				GCC_WARN_UNDECLARED_SELECTOR = YES;
				GCC_WARN_UNINITIALIZED_AUTOS = YES_AGGRESSIVE;
				GCC_WARN_UNUSED_FUNCTION = YES;
				GCC_WARN_UNUSED_VARIABLE = YES;
				IPHONEOS_DEPLOYMENT_TARGET = 15.2;
				MTL_ENABLE_DEBUG_INFO = NO;
				MTL_FAST_MATH = YES;
				SDKROOT = iphoneos;
				SWIFT_COMPILATION_MODE = wholemodule;
				SWIFT_OPTIMIZATION_LEVEL = "-O";
				VALIDATE_PRODUCT = YES;
			};
			name = Release;
		};
		853BB60B2827C4FC0076267A /* Debug */ = {
			isa = XCBuildConfiguration;
			buildSettings = {
				ASSETCATALOG_COMPILER_APPICON_NAME = AppIcon;
				ASSETCATALOG_COMPILER_GLOBAL_ACCENT_COLOR_NAME = AccentColor;
				CODE_SIGN_STYLE = Automatic;
				CURRENT_PROJECT_VERSION = 1;
				GENERATE_INFOPLIST_FILE = YES;
				INFOPLIST_FILE = BookingSystem/Info.plist;
				INFOPLIST_KEY_UIApplicationSupportsIndirectInputEvents = YES;
				INFOPLIST_KEY_UILaunchStoryboardName = LaunchScreen;
				INFOPLIST_KEY_UIMainStoryboardFile = Main;
				INFOPLIST_KEY_UISupportedInterfaceOrientations_iPad = "UIInterfaceOrientationPortrait UIInterfaceOrientationPortraitUpsideDown UIInterfaceOrientationLandscapeLeft UIInterfaceOrientationLandscapeRight";
				INFOPLIST_KEY_UISupportedInterfaceOrientations_iPhone = "UIInterfaceOrientationPortrait UIInterfaceOrientationLandscapeLeft UIInterfaceOrientationLandscapeRight";
				LD_RUNPATH_SEARCH_PATHS = (
					"$(inherited)",
					"@executable_path/Frameworks",
				);
				MARKETING_VERSION = 1.0;
				PRODUCT_BUNDLE_IDENTIFIER = demo.BookingSystem;
				PRODUCT_NAME = "$(TARGET_NAME)";
				SWIFT_EMIT_LOC_STRINGS = YES;
				SWIFT_VERSION = 5.0;
				TARGETED_DEVICE_FAMILY = "1,2";
			};
			name = Debug;
		};
		853BB60C2827C4FC0076267A /* Release */ = {
			isa = XCBuildConfiguration;
			buildSettings = {
				ASSETCATALOG_COMPILER_APPICON_NAME = AppIcon;
				ASSETCATALOG_COMPILER_GLOBAL_ACCENT_COLOR_NAME = AccentColor;
				CODE_SIGN_STYLE = Automatic;
				CURRENT_PROJECT_VERSION = 1;
				GENERATE_INFOPLIST_FILE = YES;
				INFOPLIST_FILE = BookingSystem/Info.plist;
				INFOPLIST_KEY_UIApplicationSupportsIndirectInputEvents = YES;
				INFOPLIST_KEY_UILaunchStoryboardName = LaunchScreen;
				INFOPLIST_KEY_UIMainStoryboardFile = Main;
				INFOPLIST_KEY_UISupportedInterfaceOrientations_iPad = "UIInterfaceOrientationPortrait UIInterfaceOrientationPortraitUpsideDown UIInterfaceOrientationLandscapeLeft UIInterfaceOrientationLandscapeRight";
				INFOPLIST_KEY_UISupportedInterfaceOrientations_iPhone = "UIInterfaceOrientationPortrait UIInterfaceOrientationLandscapeLeft UIInterfaceOrientationLandscapeRight";
				LD_RUNPATH_SEARCH_PATHS = (
					"$(inherited)",
					"@executable_path/Frameworks",
				);
				MARKETING_VERSION = 1.0;
				PRODUCT_BUNDLE_IDENTIFIER = demo.BookingSystem;
				PRODUCT_NAME = "$(TARGET_NAME)";
				SWIFT_EMIT_LOC_STRINGS = YES;
				SWIFT_VERSION = 5.0;
				TARGETED_DEVICE_FAMILY = "1,2";
			};
			name = Release;
		};
		853BB60E2827C4FC0076267A /* Debug */ = {
			isa = XCBuildConfiguration;
			buildSettings = {
				ALWAYS_EMBED_SWIFT_STANDARD_LIBRARIES = YES;
				BUNDLE_LOADER = "$(TEST_HOST)";
				CODE_SIGN_STYLE = Automatic;
				CURRENT_PROJECT_VERSION = 1;
				GENERATE_INFOPLIST_FILE = YES;
				IPHONEOS_DEPLOYMENT_TARGET = 15.2;
				MARKETING_VERSION = 1.0;
				PRODUCT_BUNDLE_IDENTIFIER = demo.BookingSystemTests;
				PRODUCT_NAME = "$(TARGET_NAME)";
				SWIFT_EMIT_LOC_STRINGS = NO;
				SWIFT_VERSION = 5.0;
				TARGETED_DEVICE_FAMILY = "1,2";
				TEST_HOST = "$(BUILT_PRODUCTS_DIR)/BookingSystem.app/BookingSystem";
			};
			name = Debug;
		};
		853BB60F2827C4FC0076267A /* Release */ = {
			isa = XCBuildConfiguration;
			buildSettings = {
				ALWAYS_EMBED_SWIFT_STANDARD_LIBRARIES = YES;
				BUNDLE_LOADER = "$(TEST_HOST)";
				CODE_SIGN_STYLE = Automatic;
				CURRENT_PROJECT_VERSION = 1;
				GENERATE_INFOPLIST_FILE = YES;
				IPHONEOS_DEPLOYMENT_TARGET = 15.2;
				MARKETING_VERSION = 1.0;
				PRODUCT_BUNDLE_IDENTIFIER = demo.BookingSystemTests;
				PRODUCT_NAME = "$(TARGET_NAME)";
				SWIFT_EMIT_LOC_STRINGS = NO;
				SWIFT_VERSION = 5.0;
				TARGETED_DEVICE_FAMILY = "1,2";
				TEST_HOST = "$(BUILT_PRODUCTS_DIR)/BookingSystem.app/BookingSystem";
			};
			name = Release;
		};
		853BB6112827C4FC0076267A /* Debug */ = {
			isa = XCBuildConfiguration;
			buildSettings = {
				ALWAYS_EMBED_SWIFT_STANDARD_LIBRARIES = YES;
				CODE_SIGN_STYLE = Automatic;
				CURRENT_PROJECT_VERSION = 1;
				GENERATE_INFOPLIST_FILE = YES;
				MARKETING_VERSION = 1.0;
				PRODUCT_BUNDLE_IDENTIFIER = demo.BookingSystemUITests;
				PRODUCT_NAME = "$(TARGET_NAME)";
				SWIFT_EMIT_LOC_STRINGS = NO;
				SWIFT_VERSION = 5.0;
				TARGETED_DEVICE_FAMILY = "1,2";
				TEST_TARGET_NAME = BookingSystem;
			};
			name = Debug;
		};
		853BB6122827C4FC0076267A /* Release */ = {
			isa = XCBuildConfiguration;
			buildSettings = {
				ALWAYS_EMBED_SWIFT_STANDARD_LIBRARIES = YES;
				CODE_SIGN_STYLE = Automatic;
				CURRENT_PROJECT_VERSION = 1;
				GENERATE_INFOPLIST_FILE = YES;
				MARKETING_VERSION = 1.0;
				PRODUCT_BUNDLE_IDENTIFIER = demo.BookingSystemUITests;
				PRODUCT_NAME = "$(TARGET_NAME)";
				SWIFT_EMIT_LOC_STRINGS = NO;
				SWIFT_VERSION = 5.0;
				TARGETED_DEVICE_FAMILY = "1,2";
				TEST_TARGET_NAME = BookingSystem;
			};
			name = Release;
		};
/* End XCBuildConfiguration section */

/* Begin XCConfigurationList section */
		853BB5DB2827C4F90076267A /* Build configuration list for PBXProject "BookingSystem" */ = {
			isa = XCConfigurationList;
			buildConfigurations = (
				853BB6082827C4FC0076267A /* Debug */,
				853BB6092827C4FC0076267A /* Release */,
			);
			defaultConfigurationIsVisible = 0;
			defaultConfigurationName = Release;
		};
		853BB60A2827C4FC0076267A /* Build configuration list for PBXNativeTarget "BookingSystem" */ = {
			isa = XCConfigurationList;
			buildConfigurations = (
				853BB60B2827C4FC0076267A /* Debug */,
				853BB60C2827C4FC0076267A /* Release */,
			);
			defaultConfigurationIsVisible = 0;
			defaultConfigurationName = Release;
		};
		853BB60D2827C4FC0076267A /* Build configuration list for PBXNativeTarget "BookingSystemTests" */ = {
			isa = XCConfigurationList;
			buildConfigurations = (
				853BB60E2827C4FC0076267A /* Debug */,
				853BB60F2827C4FC0076267A /* Release */,
			);
			defaultConfigurationIsVisible = 0;
			defaultConfigurationName = Release;
		};
		853BB6102827C4FC0076267A /* Build configuration list for PBXNativeTarget "BookingSystemUITests" */ = {
			isa = XCConfigurationList;
			buildConfigurations = (
				853BB6112827C4FC0076267A /* Debug */,
				853BB6122827C4FC0076267A /* Release */,
			);
			defaultConfigurationIsVisible = 0;
			defaultConfigurationName = Release;
		};
/* End XCConfigurationList section */
	};
	rootObject = 853BB5D82827C4F90076267A /* Project object */;
}
